// !$*UTF8*$!
{
	archiveVersion = 1;
	classes = {
	};
	objectVersion = 55;
	objects = {

/* Begin PBXBuildFile section */
		752959E02880B7530074E5AD /* Extensions.swift in Sources */ = {isa = PBXBuildFile; fileRef = 752959DF2880B7530074E5AD /* Extensions.swift */; };
		752959E22880BC120074E5AD /* MovieCell.swift in Sources */ = {isa = PBXBuildFile; fileRef = 752959E12880BC120074E5AD /* MovieCell.swift */; };
		752959E42880EAC80074E5AD /* MovieResponse.swift in Sources */ = {isa = PBXBuildFile; fileRef = 752959E32880EAC80074E5AD /* MovieResponse.swift */; };
		752959E62880EE8C0074E5AD /* Service.swift in Sources */ = {isa = PBXBuildFile; fileRef = 752959E52880EE8C0074E5AD /* Service.swift */; };
		752959E928811CAF0074E5AD /* SDWebImage in Frameworks */ = {isa = PBXBuildFile; productRef = 752959E828811CAF0074E5AD /* SDWebImage */; };
		752959EB2881425E0074E5AD /* MovieDetailController.swift in Sources */ = {isa = PBXBuildFile; fileRef = 752959EA2881425E0074E5AD /* MovieDetailController.swift */; };
		752959ED2881C8B90074E5AD /* Genre.swift in Sources */ = {isa = PBXBuildFile; fileRef = 752959EC2881C8B90074E5AD /* Genre.swift */; };
		752959EF2881E1290074E5AD /* API.swift in Sources */ = {isa = PBXBuildFile; fileRef = 752959EE2881E1290074E5AD /* API.swift */; };
		753D185528809AB0001E16C4 /* AppDelegate.swift in Sources */ = {isa = PBXBuildFile; fileRef = 753D185428809AB0001E16C4 /* AppDelegate.swift */; };
		753D185728809AB0001E16C4 /* SceneDelegate.swift in Sources */ = {isa = PBXBuildFile; fileRef = 753D185628809AB0001E16C4 /* SceneDelegate.swift */; };
		753D185C28809AB0001E16C4 /* Main.storyboard in Resources */ = {isa = PBXBuildFile; fileRef = 753D185A28809AB0001E16C4 /* Main.storyboard */; };
		753D185E28809AB3001E16C4 /* Assets.xcassets in Resources */ = {isa = PBXBuildFile; fileRef = 753D185D28809AB3001E16C4 /* Assets.xcassets */; };
		753D186128809AB3001E16C4 /* LaunchScreen.storyboard in Resources */ = {isa = PBXBuildFile; fileRef = 753D185F28809AB3001E16C4 /* LaunchScreen.storyboard */; };
		753D186E28809B87001E16C4 /* MovieController.swift in Sources */ = {isa = PBXBuildFile; fileRef = 753D186D28809B87001E16C4 /* MovieController.swift */; };
/* End PBXBuildFile section */

/* Begin PBXFileReference section */
		752959DF2880B7530074E5AD /* Extensions.swift */ = {isa = PBXFileReference; lastKnownFileType = sourcecode.swift; path = Extensions.swift; sourceTree = "<group>"; };
		752959E12880BC120074E5AD /* MovieCell.swift */ = {isa = PBXFileReference; lastKnownFileType = sourcecode.swift; path = MovieCell.swift; sourceTree = "<group>"; };
		752959E32880EAC80074E5AD /* MovieResponse.swift */ = {isa = PBXFileReference; lastKnownFileType = sourcecode.swift; path = MovieResponse.swift; sourceTree = "<group>"; };
		752959E52880EE8C0074E5AD /* Service.swift */ = {isa = PBXFileReference; lastKnownFileType = sourcecode.swift; path = Service.swift; sourceTree = "<group>"; };
		752959EA2881425E0074E5AD /* MovieDetailController.swift */ = {isa = PBXFileReference; lastKnownFileType = sourcecode.swift; path = MovieDetailController.swift; sourceTree = "<group>"; };
		752959EC2881C8B90074E5AD /* Genre.swift */ = {isa = PBXFileReference; lastKnownFileType = sourcecode.swift; path = Genre.swift; sourceTree = "<group>"; };
		752959EE2881E1290074E5AD /* API.swift */ = {isa = PBXFileReference; lastKnownFileType = sourcecode.swift; path = API.swift; sourceTree = "<group>"; };
		753D185128809AB0001E16C4 /* PopMovies.app */ = {isa = PBXFileReference; explicitFileType = wrapper.application; includeInIndex = 0; path = PopMovies.app; sourceTree = BUILT_PRODUCTS_DIR; };
		753D185428809AB0001E16C4 /* AppDelegate.swift */ = {isa = PBXFileReference; lastKnownFileType = sourcecode.swift; path = AppDelegate.swift; sourceTree = "<group>"; };
		753D185628809AB0001E16C4 /* SceneDelegate.swift */ = {isa = PBXFileReference; lastKnownFileType = sourcecode.swift; path = SceneDelegate.swift; sourceTree = "<group>"; };
		753D185B28809AB0001E16C4 /* Base */ = {isa = PBXFileReference; lastKnownFileType = file.storyboard; name = Base; path = Base.lproj/Main.storyboard; sourceTree = "<group>"; };
		753D185D28809AB3001E16C4 /* Assets.xcassets */ = {isa = PBXFileReference; lastKnownFileType = folder.assetcatalog; path = Assets.xcassets; sourceTree = "<group>"; };
		753D186028809AB3001E16C4 /* Base */ = {isa = PBXFileReference; lastKnownFileType = file.storyboard; name = Base; path = Base.lproj/LaunchScreen.storyboard; sourceTree = "<group>"; };
		753D186228809AB3001E16C4 /* Info.plist */ = {isa = PBXFileReference; lastKnownFileType = text.plist.xml; path = Info.plist; sourceTree = "<group>"; };
		753D186D28809B87001E16C4 /* MovieController.swift */ = {isa = PBXFileReference; lastKnownFileType = sourcecode.swift; path = MovieController.swift; sourceTree = "<group>"; };
/* End PBXFileReference section */

/* Begin PBXFrameworksBuildPhase section */
		753D184E28809AB0001E16C4 /* Frameworks */ = {
			isa = PBXFrameworksBuildPhase;
			buildActionMask = 2147483647;
			files = (
				752959E928811CAF0074E5AD /* SDWebImage in Frameworks */,
			);
			runOnlyForDeploymentPostprocessing = 0;
		};
/* End PBXFrameworksBuildPhase section */

/* Begin PBXGroup section */
		753D184828809AB0001E16C4 = {
			isa = PBXGroup;
			children = (
				753D185328809AB0001E16C4 /* PopMovies */,
				753D185228809AB0001E16C4 /* Products */,
			);
			sourceTree = "<group>";
		};
		753D185228809AB0001E16C4 /* Products */ = {
			isa = PBXGroup;
			children = (
				753D185128809AB0001E16C4 /* PopMovies.app */,
			);
			name = Products;
			sourceTree = "<group>";
		};
		753D185328809AB0001E16C4 /* PopMovies */ = {
			isa = PBXGroup;
			children = (
				753D186C28809B47001E16C4 /* Model */,
				753D186B28809B44001E16C4 /* View */,
				753D186A28809B42001E16C4 /* Controller */,
				753D186928809B40001E16C4 /* Service */,
				753D186828809B3D001E16C4 /* Utils */,
				753D185428809AB0001E16C4 /* AppDelegate.swift */,
				753D185628809AB0001E16C4 /* SceneDelegate.swift */,
				753D185A28809AB0001E16C4 /* Main.storyboard */,
				753D185D28809AB3001E16C4 /* Assets.xcassets */,
				753D185F28809AB3001E16C4 /* LaunchScreen.storyboard */,
				753D186228809AB3001E16C4 /* Info.plist */,
			);
			path = PopMovies;
			sourceTree = "<group>";
		};
		753D186828809B3D001E16C4 /* Utils */ = {
			isa = PBXGroup;
			children = (
				752959DF2880B7530074E5AD /* Extensions.swift */,
			);
			path = Utils;
			sourceTree = "<group>";
		};
		753D186928809B40001E16C4 /* Service */ = {
			isa = PBXGroup;
			children = (
				752959E52880EE8C0074E5AD /* Service.swift */,
				752959EE2881E1290074E5AD /* API.swift */,
			);
			path = Service;
			sourceTree = "<group>";
		};
		753D186A28809B42001E16C4 /* Controller */ = {
			isa = PBXGroup;
			children = (
				753D186D28809B87001E16C4 /* MovieController.swift */,
				752959EA2881425E0074E5AD /* MovieDetailController.swift */,
			);
			path = Controller;
			sourceTree = "<group>";
		};
		753D186B28809B44001E16C4 /* View */ = {
			isa = PBXGroup;
			children = (
				752959E12880BC120074E5AD /* MovieCell.swift */,
			);
			path = View;
			sourceTree = "<group>";
		};
		753D186C28809B47001E16C4 /* Model */ = {
			isa = PBXGroup;
			children = (
				752959E32880EAC80074E5AD /* MovieResponse.swift */,
				752959EC2881C8B90074E5AD /* Genre.swift */,
			);
			path = Model;
			sourceTree = "<group>";
		};
/* End PBXGroup section */

/* Begin PBXNativeTarget section */
		753D185028809AB0001E16C4 /* PopMovies */ = {
			isa = PBXNativeTarget;
			buildConfigurationList = 753D186528809AB3001E16C4 /* Build configuration list for PBXNativeTarget "PopMovies" */;
			buildPhases = (
				753D184D28809AB0001E16C4 /* Sources */,
				753D184E28809AB0001E16C4 /* Frameworks */,
				753D184F28809AB0001E16C4 /* Resources */,
			);
			buildRules = (
			);
			dependencies = (
			);
			name = PopMovies;
			packageProductDependencies = (
				752959E828811CAF0074E5AD /* SDWebImage */,
			);
			productName = PopMovies;
			productReference = 753D185128809AB0001E16C4 /* PopMovies.app */;
			productType = "com.apple.product-type.application";
		};
/* End PBXNativeTarget section */

/* Begin PBXProject section */
		753D184928809AB0001E16C4 /* Project object */ = {
			isa = PBXProject;
			attributes = {
				BuildIndependentTargetsInParallel = 1;
				LastSwiftUpdateCheck = 1320;
				LastUpgradeCheck = 1320;
				TargetAttributes = {
					753D185028809AB0001E16C4 = {
						CreatedOnToolsVersion = 13.2.1;
					};
				};
			};
			buildConfigurationList = 753D184C28809AB0001E16C4 /* Build configuration list for PBXProject "PopMovies" */;
			compatibilityVersion = "Xcode 13.0";
			developmentRegion = en;
			hasScannedForEncodings = 0;
			knownRegions = (
				en,
				Base,
			);
			mainGroup = 753D184828809AB0001E16C4;
			packageReferences = (
				752959E728811CAF0074E5AD /* XCRemoteSwiftPackageReference "SDWebImage" */,
			);
			productRefGroup = 753D185228809AB0001E16C4 /* Products */;
			projectDirPath = "";
			projectRoot = "";
			targets = (
				753D185028809AB0001E16C4 /* PopMovies */,
			);
		};
/* End PBXProject section */

/* Begin PBXResourcesBuildPhase section */
		753D184F28809AB0001E16C4 /* Resources */ = {
			isa = PBXResourcesBuildPhase;
			buildActionMask = 2147483647;
			files = (
				753D186128809AB3001E16C4 /* LaunchScreen.storyboard in Resources */,
				753D185E28809AB3001E16C4 /* Assets.xcassets in Resources */,
				753D185C28809AB0001E16C4 /* Main.storyboard in Resources */,
			);
			runOnlyForDeploymentPostprocessing = 0;
		};
/* End PBXResourcesBuildPhase section */

/* Begin PBXSourcesBuildPhase section */
		753D184D28809AB0001E16C4 /* Sources */ = {
			isa = PBXSourcesBuildPhase;
			buildActionMask = 2147483647;
			files = (
				752959ED2881C8B90074E5AD /* Genre.swift in Sources */,
				753D186E28809B87001E16C4 /* MovieController.swift in Sources */,
				752959E62880EE8C0074E5AD /* Service.swift in Sources */,
				753D185528809AB0001E16C4 /* AppDelegate.swift in Sources */,
				752959EF2881E1290074E5AD /* API.swift in Sources */,
				753D185728809AB0001E16C4 /* SceneDelegate.swift in Sources */,
				752959E42880EAC80074E5AD /* MovieResponse.swift in Sources */,
				752959EB2881425E0074E5AD /* MovieDetailController.swift in Sources */,
				752959E22880BC120074E5AD /* MovieCell.swift in Sources */,
				752959E02880B7530074E5AD /* Extensions.swift in Sources */,
			);
			runOnlyForDeploymentPostprocessing = 0;
		};
/* End PBXSourcesBuildPhase section */

/* Begin PBXVariantGroup section */
		753D185A28809AB0001E16C4 /* Main.storyboard */ = {
			isa = PBXVariantGroup;
			children = (
				753D185B28809AB0001E16C4 /* Base */,
			);
			name = Main.storyboard;
			sourceTree = "<group>";
		};
		753D185F28809AB3001E16C4 /* LaunchScreen.storyboard */ = {
			isa = PBXVariantGroup;
			children = (
				753D186028809AB3001E16C4 /* Base */,
			);
			name = LaunchScreen.storyboard;
			sourceTree = "<group>";
		};
/* End PBXVariantGroup section */

/* Begin XCBuildConfiguration section */
		753D186328809AB3001E16C4 /* Debug */ = {
			isa = XCBuildConfiguration;
			buildSettings = {
				ALWAYS_SEARCH_USER_PATHS = NO;
				CLANG_ANALYZER_NONNULL = YES;
				CLANG_ANALYZER_NUMBER_OBJECT_CONVERSION = YES_AGGRESSIVE;
				CLANG_CXX_LANGUAGE_STANDARD = "gnu++17";
				CLANG_CXX_LIBRARY = "libc++";
				CLANG_ENABLE_MODULES = YES;
				CLANG_ENABLE_OBJC_ARC = YES;
				CLANG_ENABLE_OBJC_WEAK = YES;
				CLANG_WARN_BLOCK_CAPTURE_AUTORELEASING = YES;
				CLANG_WARN_BOOL_CONVERSION = YES;
				CLANG_WARN_COMMA = YES;
				CLANG_WARN_CONSTANT_CONVERSION = YES;
				CLANG_WARN_DEPRECATED_OBJC_IMPLEMENTATIONS = YES;
				CLANG_WARN_DIRECT_OBJC_ISA_USAGE = YES_ERROR;
				CLANG_WARN_DOCUMENTATION_COMMENTS = YES;
				CLANG_WARN_EMPTY_BODY = YES;
				CLANG_WARN_ENUM_CONVERSION = YES;
				CLANG_WARN_INFINITE_RECURSION = YES;
				CLANG_WARN_INT_CONVERSION = YES;
				CLANG_WARN_NON_LITERAL_NULL_CONVERSION = YES;
				CLANG_WARN_OBJC_IMPLICIT_RETAIN_SELF = YES;
				CLANG_WARN_OBJC_LITERAL_CONVERSION = YES;
				CLANG_WARN_OBJC_ROOT_CLASS = YES_ERROR;
				CLANG_WARN_QUOTED_INCLUDE_IN_FRAMEWORK_HEADER = YES;
				CLANG_WARN_RANGE_LOOP_ANALYSIS = YES;
				CLANG_WARN_STRICT_PROTOTYPES = YES;
				CLANG_WARN_SUSPICIOUS_MOVE = YES;
				CLANG_WARN_UNGUARDED_AVAILABILITY = YES_AGGRESSIVE;
				CLANG_WARN_UNREACHABLE_CODE = YES;
				CLANG_WARN__DUPLICATE_METHOD_MATCH = YES;
				COPY_PHASE_STRIP = NO;
				DEBUG_INFORMATION_FORMAT = dwarf;
				ENABLE_STRICT_OBJC_MSGSEND = YES;
				ENABLE_TESTABILITY = YES;
				GCC_C_LANGUAGE_STANDARD = gnu11;
				GCC_DYNAMIC_NO_PIC = NO;
				GCC_NO_COMMON_BLOCKS = YES;
				GCC_OPTIMIZATION_LEVEL = 0;
				GCC_PREPROCESSOR_DEFINITIONS = (
					"DEBUG=1",
					"$(inherited)",
				);
				GCC_WARN_64_TO_32_BIT_CONVERSION = YES;
				GCC_WARN_ABOUT_RETURN_TYPE = YES_ERROR;
				GCC_WARN_UNDECLARED_SELECTOR = YES;
				GCC_WARN_UNINITIALIZED_AUTOS = YES_AGGRESSIVE;
				GCC_WARN_UNUSED_FUNCTION = YES;
				GCC_WARN_UNUSED_VARIABLE = YES;
				IPHONEOS_DEPLOYMENT_TARGET = 15.2;
				MTL_ENABLE_DEBUG_INFO = INCLUDE_SOURCE;
				MTL_FAST_MATH = YES;
				ONLY_ACTIVE_ARCH = YES;
				SDKROOT = iphoneos;
				SWIFT_ACTIVE_COMPILATION_CONDITIONS = DEBUG;
				SWIFT_OPTIMIZATION_LEVEL = "-Onone";
			};
			name = Debug;
		};
		753D186428809AB3001E16C4 /* Release */ = {
			isa = XCBuildConfiguration;
			buildSettings = {
				ALWAYS_SEARCH_USER_PATHS = NO;
				CLANG_ANALYZER_NONNULL = YES;
				CLANG_ANALYZER_NUMBER_OBJECT_CONVERSION = YES_AGGRESSIVE;
				CLANG_CXX_LANGUAGE_STANDARD = "gnu++17";
				CLANG_CXX_LIBRARY = "libc++";
				CLANG_ENABLE_MODULES = YES;
				CLANG_ENABLE_OBJC_ARC = YES;
				CLANG_ENABLE_OBJC_WEAK = YES;
				CLANG_WARN_BLOCK_CAPTURE_AUTORELEASING = YES;
				CLANG_WARN_BOOL_CONVERSION = YES;
				CLANG_WARN_COMMA = YES;
				CLANG_WARN_CONSTANT_CONVERSION = YES;
				CLANG_WARN_DEPRECATED_OBJC_IMPLEMENTATIONS = YES;
				CLANG_WARN_DIRECT_OBJC_ISA_USAGE = YES_ERROR;
				CLANG_WARN_DOCUMENTATION_COMMENTS = YES;
				CLANG_WARN_EMPTY_BODY = YES;
				CLANG_WARN_ENUM_CONVERSION = YES;
				CLANG_WARN_INFINITE_RECURSION = YES;
				CLANG_WARN_INT_CONVERSION = YES;
				CLANG_WARN_NON_LITERAL_NULL_CONVERSION = YES;
				CLANG_WARN_OBJC_IMPLICIT_RETAIN_SELF = YES;
				CLANG_WARN_OBJC_LITERAL_CONVERSION = YES;
				CLANG_WARN_OBJC_ROOT_CLASS = YES_ERROR;
				CLANG_WARN_QUOTED_INCLUDE_IN_FRAMEWORK_HEADER = YES;
				CLANG_WARN_RANGE_LOOP_ANALYSIS = YES;
				CLANG_WARN_STRICT_PROTOTYPES = YES;
				CLANG_WARN_SUSPICIOUS_MOVE = YES;
				CLANG_WARN_UNGUARDED_AVAILABILITY = YES_AGGRESSIVE;
				CLANG_WARN_UNREACHABLE_CODE = YES;
				CLANG_WARN__DUPLICATE_METHOD_MATCH = YES;
				COPY_PHASE_STRIP = NO;
				DEBUG_INFORMATION_FORMAT = "dwarf-with-dsym";
				ENABLE_NS_ASSERTIONS = NO;
				ENABLE_STRICT_OBJC_MSGSEND = YES;
				GCC_C_LANGUAGE_STANDARD = gnu11;
				GCC_NO_COMMON_BLOCKS = YES;
				GCC_WARN_64_TO_32_BIT_CONVERSION = YES;
				GCC_WARN_ABOUT_RETURN_TYPE = YES_ERROR;
				GCC_WARN_UNDECLARED_SELECTOR = YES;
				GCC_WARN_UNINITIALIZED_AUTOS = YES_AGGRESSIVE;
				GCC_WARN_UNUSED_FUNCTION = YES;
				GCC_WARN_UNUSED_VARIABLE = YES;
				IPHONEOS_DEPLOYMENT_TARGET = 15.2;
				MTL_ENABLE_DEBUG_INFO = NO;
				MTL_FAST_MATH = YES;
				SDKROOT = iphoneos;
				SWIFT_COMPILATION_MODE = wholemodule;
				SWIFT_OPTIMIZATION_LEVEL = "-O";
				VALIDATE_PRODUCT = YES;
			};
			name = Release;
		};
		753D186628809AB3001E16C4 /* Debug */ = {
			isa = XCBuildConfiguration;
			buildSettings = {
				ASSETCATALOG_COMPILER_APPICON_NAME = AppIcon;
				ASSETCATALOG_COMPILER_GLOBAL_ACCENT_COLOR_NAME = AccentColor;
				CODE_SIGN_STYLE = Automatic;
				CURRENT_PROJECT_VERSION = 1;
				DEVELOPMENT_TEAM = VM55LWG8PP;
				GENERATE_INFOPLIST_FILE = YES;
				INFOPLIST_FILE = PopMovies/Info.plist;
				INFOPLIST_KEY_UIApplicationSupportsIndirectInputEvents = YES;
				INFOPLIST_KEY_UILaunchStoryboardName = LaunchScreen;
				INFOPLIST_KEY_UIMainStoryboardFile = Main;
				INFOPLIST_KEY_UISupportedInterfaceOrientations_iPad = "UIInterfaceOrientationPortrait UIInterfaceOrientationPortraitUpsideDown UIInterfaceOrientationLandscapeLeft UIInterfaceOrientationLandscapeRight";
				INFOPLIST_KEY_UISupportedInterfaceOrientations_iPhone = "UIInterfaceOrientationPortrait UIInterfaceOrientationLandscapeLeft UIInterfaceOrientationLandscapeRight";
				LD_RUNPATH_SEARCH_PATHS = (
					"$(inherited)",
					"@executable_path/Frameworks",
				);
				MARKETING_VERSION = 1.0;
				PRODUCT_BUNDLE_IDENTIFIER = com.elizeurs.PopMovies;
				PRODUCT_NAME = "$(TARGET_NAME)";
				SWIFT_EMIT_LOC_STRINGS = YES;
				SWIFT_VERSION = 5.0;
				TARGETED_DEVICE_FAMILY = "1,2";
			};
			name = Debug;
		};
		753D186728809AB3001E16C4 /* Release */ = {
			isa = XCBuildConfiguration;
			buildSettings = {
				ASSETCATALOG_COMPILER_APPICON_NAME = AppIcon;
				ASSETCATALOG_COMPILER_GLOBAL_ACCENT_COLOR_NAME = AccentColor;
				CODE_SIGN_STYLE = Automatic;
				CURRENT_PROJECT_VERSION = 1;
				DEVELOPMENT_TEAM = VM55LWG8PP;
				GENERATE_INFOPLIST_FILE = YES;
				INFOPLIST_FILE = PopMovies/Info.plist;
				INFOPLIST_KEY_UIApplicationSupportsIndirectInputEvents = YES;
				INFOPLIST_KEY_UILaunchStoryboardName = LaunchScreen;
				INFOPLIST_KEY_UIMainStoryboardFile = Main;
				INFOPLIST_KEY_UISupportedInterfaceOrientations_iPad = "UIInterfaceOrientationPortrait UIInterfaceOrientationPortraitUpsideDown UIInterfaceOrientationLandscapeLeft UIInterfaceOrientationLandscapeRight";
				INFOPLIST_KEY_UISupportedInterfaceOrientations_iPhone = "UIInterfaceOrientationPortrait UIInterfaceOrientationLandscapeLeft UIInterfaceOrientationLandscapeRight";
				LD_RUNPATH_SEARCH_PATHS = (
					"$(inherited)",
					"@executable_path/Frameworks",
				);
				MARKETING_VERSION = 1.0;
				PRODUCT_BUNDLE_IDENTIFIER = com.elizeurs.PopMovies;
				PRODUCT_NAME = "$(TARGET_NAME)";
				SWIFT_EMIT_LOC_STRINGS = YES;
				SWIFT_VERSION = 5.0;
				TARGETED_DEVICE_FAMILY = "1,2";
			};
			name = Release;
		};
/* End XCBuildConfiguration section */

/* Begin XCConfigurationList section */
		753D184C28809AB0001E16C4 /* Build configuration list for PBXProject "PopMovies" */ = {
			isa = XCConfigurationList;
			buildConfigurations = (
				753D186328809AB3001E16C4 /* Debug */,
				753D186428809AB3001E16C4 /* Release */,
			);
			defaultConfigurationIsVisible = 0;
			defaultConfigurationName = Release;
		};
		753D186528809AB3001E16C4 /* Build configuration list for PBXNativeTarget "PopMovies" */ = {
			isa = XCConfigurationList;
			buildConfigurations = (
				753D186628809AB3001E16C4 /* Debug */,
				753D186728809AB3001E16C4 /* Release */,
			);
			defaultConfigurationIsVisible = 0;
			defaultConfigurationName = Release;
		};
/* End XCConfigurationList section */

/* Begin XCRemoteSwiftPackageReference section */
		752959E728811CAF0074E5AD /* XCRemoteSwiftPackageReference "SDWebImage" */ = {
			isa = XCRemoteSwiftPackageReference;
			repositoryURL = "https://github.com/SDWebImage/SDWebImage";
			requirement = {
				kind = upToNextMajorVersion;
				minimumVersion = 5.1.0;
			};
		};
/* End XCRemoteSwiftPackageReference section */

/* Begin XCSwiftPackageProductDependency section */
		752959E828811CAF0074E5AD /* SDWebImage */ = {
			isa = XCSwiftPackageProductDependency;
			package = 752959E728811CAF0074E5AD /* XCRemoteSwiftPackageReference "SDWebImage" */;
			productName = SDWebImage;
		};
/* End XCSwiftPackageProductDependency section */
	};
	rootObject = 753D184928809AB0001E16C4 /* Project object */;
}
